// !$*UTF8*$!
{
	archiveVersion = 1;
	classes = {
	};
	objectVersion = 46;
	objects = {

/* Begin PBXBuildFile section */
		B9CC6EAF1BC86BA10027677B /* Assets.xcassets in Resources */ = {isa = PBXBuildFile; fileRef = B9CC6EA61BC86BA10027677B /* Assets.xcassets */; };
		B9CC6EB11BC86BA10027677B /* AppDelegate.swift in Sources */ = {isa = PBXBuildFile; fileRef = B9CC6EA91BC86BA10027677B /* AppDelegate.swift */; };
		B9CC6EB21BC86BA10027677B /* LaunchScreen.storyboard in Resources */ = {isa = PBXBuildFile; fileRef = B9CC6EAB1BC86BA10027677B /* LaunchScreen.storyboard */; };
		B9CC6EB31BC86BA10027677B /* Main.storyboard in Resources */ = {isa = PBXBuildFile; fileRef = B9CC6EAD1BC86BA10027677B /* Main.storyboard */; };
		B9CC6EBA1BC86BC40027677B /* DynamicsTests.swift in Sources */ = {isa = PBXBuildFile; fileRef = B9CC6EB81BC86BC40027677B /* DynamicsTests.swift */; };
		B9CC6EC11BC86BCD0027677B /* DynamicsUITests.swift in Sources */ = {isa = PBXBuildFile; fileRef = B9CC6EBF1BC86BCD0027677B /* DynamicsUITests.swift */; };
		B9CC6EC31BC86DF10027677B /* ListController.swift in Sources */ = {isa = PBXBuildFile; fileRef = B9CC6EC21BC86DF10027677B /* ListController.swift */; };
		B9DF78201BC9B6BD002DF08B /* ImageFlickController.swift in Sources */ = {isa = PBXBuildFile; fileRef = B9DF781F1BC9B6BD002DF08B /* ImageFlickController.swift */; };
/* End PBXBuildFile section */

/* Begin PBXContainerItemProxy section */
		B9CC6E881BC86A610027677B /* PBXContainerItemProxy */ = {
			isa = PBXContainerItemProxy;
			containerPortal = B9CC6E6B1BC86A610027677B /* Project object */;
			proxyType = 1;
			remoteGlobalIDString = B9CC6E721BC86A610027677B;
			remoteInfo = Dynamics;
		};
		B9CC6E931BC86A610027677B /* PBXContainerItemProxy */ = {
			isa = PBXContainerItemProxy;
			containerPortal = B9CC6E6B1BC86A610027677B /* Project object */;
			proxyType = 1;
			remoteGlobalIDString = B9CC6E721BC86A610027677B;
			remoteInfo = Dynamics;
		};
/* End PBXContainerItemProxy section */

/* Begin PBXFileReference section */
		B9CC6E731BC86A610027677B /* Dynamics.app */ = {isa = PBXFileReference; explicitFileType = wrapper.application; includeInIndex = 0; path = Dynamics.app; sourceTree = BUILT_PRODUCTS_DIR; };
		B9CC6E871BC86A610027677B /* DynamicsTests.xctest */ = {isa = PBXFileReference; explicitFileType = wrapper.cfbundle; includeInIndex = 0; path = DynamicsTests.xctest; sourceTree = BUILT_PRODUCTS_DIR; };
		B9CC6E921BC86A610027677B /* DynamicsUITests.xctest */ = {isa = PBXFileReference; explicitFileType = wrapper.cfbundle; includeInIndex = 0; path = DynamicsUITests.xctest; sourceTree = BUILT_PRODUCTS_DIR; };
		B9CC6EA61BC86BA10027677B /* Assets.xcassets */ = {isa = PBXFileReference; lastKnownFileType = folder.assetcatalog; path = Assets.xcassets; sourceTree = "<group>"; };
		B9CC6EA71BC86BA10027677B /* Info.plist */ = {isa = PBXFileReference; fileEncoding = 4; lastKnownFileType = text.plist.xml; path = Info.plist; sourceTree = "<group>"; };
		B9CC6EA91BC86BA10027677B /* AppDelegate.swift */ = {isa = PBXFileReference; fileEncoding = 4; lastKnownFileType = sourcecode.swift; path = AppDelegate.swift; sourceTree = "<group>"; };
		B9CC6EAC1BC86BA10027677B /* Base */ = {isa = PBXFileReference; lastKnownFileType = file.storyboard; name = Base; path = Base.lproj/LaunchScreen.storyboard; sourceTree = "<group>"; };
		B9CC6EAE1BC86BA10027677B /* Base */ = {isa = PBXFileReference; lastKnownFileType = file.storyboard; name = Base; path = Base.lproj/Main.storyboard; sourceTree = "<group>"; };
		B9CC6EB61BC86BC40027677B /* Info.plist */ = {isa = PBXFileReference; fileEncoding = 4; lastKnownFileType = text.plist.xml; path = Info.plist; sourceTree = "<group>"; };
		B9CC6EB81BC86BC40027677B /* DynamicsTests.swift */ = {isa = PBXFileReference; fileEncoding = 4; lastKnownFileType = sourcecode.swift; path = DynamicsTests.swift; sourceTree = "<group>"; };
		B9CC6EBD1BC86BCD0027677B /* Info.plist */ = {isa = PBXFileReference; fileEncoding = 4; lastKnownFileType = text.plist.xml; path = Info.plist; sourceTree = "<group>"; };
		B9CC6EBF1BC86BCD0027677B /* DynamicsUITests.swift */ = {isa = PBXFileReference; fileEncoding = 4; lastKnownFileType = sourcecode.swift; path = DynamicsUITests.swift; sourceTree = "<group>"; };
		B9CC6EC21BC86DF10027677B /* ListController.swift */ = {isa = PBXFileReference; fileEncoding = 4; lastKnownFileType = sourcecode.swift; path = ListController.swift; sourceTree = "<group>"; };
		B9DF781F1BC9B6BD002DF08B /* ImageFlickController.swift */ = {isa = PBXFileReference; fileEncoding = 4; lastKnownFileType = sourcecode.swift; path = ImageFlickController.swift; sourceTree = "<group>"; };
/* End PBXFileReference section */

/* Begin PBXFrameworksBuildPhase section */
		B9CC6E701BC86A610027677B /* Frameworks */ = {
			isa = PBXFrameworksBuildPhase;
			buildActionMask = 2147483647;
			files = (
			);
			runOnlyForDeploymentPostprocessing = 0;
		};
		B9CC6E841BC86A610027677B /* Frameworks */ = {
			isa = PBXFrameworksBuildPhase;
			buildActionMask = 2147483647;
			files = (
			);
			runOnlyForDeploymentPostprocessing = 0;
		};
		B9CC6E8F1BC86A610027677B /* Frameworks */ = {
			isa = PBXFrameworksBuildPhase;
			buildActionMask = 2147483647;
			files = (
			);
			runOnlyForDeploymentPostprocessing = 0;
		};
/* End PBXFrameworksBuildPhase section */

/* Begin PBXGroup section */
		B9CC6E6A1BC86A610027677B = {
			isa = PBXGroup;
			children = (
				B9CC6EA41BC86BA10027677B /* Dynamics */,
				B9CC6EB41BC86BC40027677B /* DynamicsTests */,
				B9CC6EBB1BC86BCD0027677B /* DynamicsUITests */,
				B9CC6E741BC86A610027677B /* Products */,
			);
			sourceTree = "<group>";
		};
		B9CC6E741BC86A610027677B /* Products */ = {
			isa = PBXGroup;
			children = (
				B9CC6E731BC86A610027677B /* Dynamics.app */,
				B9CC6E871BC86A610027677B /* DynamicsTests.xctest */,
				B9CC6E921BC86A610027677B /* DynamicsUITests.xctest */,
			);
			name = Products;
			sourceTree = "<group>";
		};
		B9CC6EA41BC86BA10027677B /* Dynamics */ = {
			isa = PBXGroup;
			children = (
				B9CC6EA81BC86BA10027677B /* Source */,
				B9CC6EAA1BC86BA10027677B /* Storyboards */,
				B9CC6EA51BC86BA10027677B /* Resources */,
			);
			path = Dynamics;
			sourceTree = "<group>";
		};
		B9CC6EA51BC86BA10027677B /* Resources */ = {
			isa = PBXGroup;
			children = (
				B9CC6EA61BC86BA10027677B /* Assets.xcassets */,
				B9CC6EA71BC86BA10027677B /* Info.plist */,
			);
			path = Resources;
			sourceTree = "<group>";
		};
		B9CC6EA81BC86BA10027677B /* Source */ = {
			isa = PBXGroup;
			children = (
				B9CC6EA91BC86BA10027677B /* AppDelegate.swift */,
				B9CC6EC21BC86DF10027677B /* ListController.swift */,
				B9DF781F1BC9B6BD002DF08B /* ImageFlickController.swift */,
			);
			path = Source;
			sourceTree = "<group>";
		};
		B9CC6EAA1BC86BA10027677B /* Storyboards */ = {
			isa = PBXGroup;
			children = (
				B9CC6EAB1BC86BA10027677B /* LaunchScreen.storyboard */,
				B9CC6EAD1BC86BA10027677B /* Main.storyboard */,
			);
			path = Storyboards;
			sourceTree = "<group>";
		};
		B9CC6EB41BC86BC40027677B /* DynamicsTests */ = {
			isa = PBXGroup;
			children = (
				B9CC6EB71BC86BC40027677B /* Source */,
				B9CC6EB51BC86BC40027677B /* Resources */,
			);
			path = DynamicsTests;
			sourceTree = "<group>";
		};
		B9CC6EB51BC86BC40027677B /* Resources */ = {
			isa = PBXGroup;
			children = (
				B9CC6EB61BC86BC40027677B /* Info.plist */,
			);
			path = Resources;
			sourceTree = "<group>";
		};
		B9CC6EB71BC86BC40027677B /* Source */ = {
			isa = PBXGroup;
			children = (
				B9CC6EB81BC86BC40027677B /* DynamicsTests.swift */,
			);
			path = Source;
			sourceTree = "<group>";
		};
		B9CC6EBB1BC86BCD0027677B /* DynamicsUITests */ = {
			isa = PBXGroup;
			children = (
				B9CC6EBE1BC86BCD0027677B /* Source */,
				B9CC6EBC1BC86BCD0027677B /* Resources */,
			);
			path = DynamicsUITests;
			sourceTree = "<group>";
		};
		B9CC6EBC1BC86BCD0027677B /* Resources */ = {
			isa = PBXGroup;
			children = (
				B9CC6EBD1BC86BCD0027677B /* Info.plist */,
			);
			path = Resources;
			sourceTree = "<group>";
		};
		B9CC6EBE1BC86BCD0027677B /* Source */ = {
			isa = PBXGroup;
			children = (
				B9CC6EBF1BC86BCD0027677B /* DynamicsUITests.swift */,
			);
			path = Source;
			sourceTree = "<group>";
		};
/* End PBXGroup section */

/* Begin PBXNativeTarget section */
		B9CC6E721BC86A610027677B /* Dynamics */ = {
			isa = PBXNativeTarget;
			buildConfigurationList = B9CC6E9B1BC86A610027677B /* Build configuration list for PBXNativeTarget "Dynamics" */;
			buildPhases = (
				B9CC6E6F1BC86A610027677B /* Sources */,
				B9CC6E701BC86A610027677B /* Frameworks */,
				B9CC6E711BC86A610027677B /* Resources */,
			);
			buildRules = (
			);
			dependencies = (
			);
			name = Dynamics;
			productName = Dynamics;
			productReference = B9CC6E731BC86A610027677B /* Dynamics.app */;
			productType = "com.apple.product-type.application";
		};
		B9CC6E861BC86A610027677B /* DynamicsTests */ = {
			isa = PBXNativeTarget;
			buildConfigurationList = B9CC6E9E1BC86A610027677B /* Build configuration list for PBXNativeTarget "DynamicsTests" */;
			buildPhases = (
				B9CC6E831BC86A610027677B /* Sources */,
				B9CC6E841BC86A610027677B /* Frameworks */,
				B9CC6E851BC86A610027677B /* Resources */,
			);
			buildRules = (
			);
			dependencies = (
				B9CC6E891BC86A610027677B /* PBXTargetDependency */,
			);
			name = DynamicsTests;
			productName = DynamicsTests;
			productReference = B9CC6E871BC86A610027677B /* DynamicsTests.xctest */;
			productType = "com.apple.product-type.bundle.unit-test";
		};
		B9CC6E911BC86A610027677B /* DynamicsUITests */ = {
			isa = PBXNativeTarget;
			buildConfigurationList = B9CC6EA11BC86A610027677B /* Build configuration list for PBXNativeTarget "DynamicsUITests" */;
			buildPhases = (
				B9CC6E8E1BC86A610027677B /* Sources */,
				B9CC6E8F1BC86A610027677B /* Frameworks */,
				B9CC6E901BC86A610027677B /* Resources */,
			);
			buildRules = (
			);
			dependencies = (
				B9CC6E941BC86A610027677B /* PBXTargetDependency */,
			);
			name = DynamicsUITests;
			productName = DynamicsUITests;
			productReference = B9CC6E921BC86A610027677B /* DynamicsUITests.xctest */;
			productType = "com.apple.product-type.bundle.ui-testing";
		};
/* End PBXNativeTarget section */

/* Begin PBXProject section */
		B9CC6E6B1BC86A610027677B /* Project object */ = {
			isa = PBXProject;
			attributes = {
				LastSwiftUpdateCheck = 0710;
				LastUpgradeCheck = 0710;
				ORGANIZATIONNAME = "Julian Grosshauser";
				TargetAttributes = {
					B9CC6E721BC86A610027677B = {
						CreatedOnToolsVersion = 7.1;
					};
					B9CC6E861BC86A610027677B = {
						CreatedOnToolsVersion = 7.1;
						TestTargetID = B9CC6E721BC86A610027677B;
					};
					B9CC6E911BC86A610027677B = {
						CreatedOnToolsVersion = 7.1;
						TestTargetID = B9CC6E721BC86A610027677B;
					};
				};
			};
			buildConfigurationList = B9CC6E6E1BC86A610027677B /* Build configuration list for PBXProject "Dynamics" */;
			compatibilityVersion = "Xcode 3.2";
			developmentRegion = English;
			hasScannedForEncodings = 0;
			knownRegions = (
				en,
				Base,
			);
			mainGroup = B9CC6E6A1BC86A610027677B;
			productRefGroup = B9CC6E741BC86A610027677B /* Products */;
			projectDirPath = "";
			projectRoot = "";
			targets = (
				B9CC6E721BC86A610027677B /* Dynamics */,
				B9CC6E861BC86A610027677B /* DynamicsTests */,
				B9CC6E911BC86A610027677B /* DynamicsUITests */,
			);
		};
/* End PBXProject section */

/* Begin PBXResourcesBuildPhase section */
		B9CC6E711BC86A610027677B /* Resources */ = {
			isa = PBXResourcesBuildPhase;
			buildActionMask = 2147483647;
			files = (
				B9CC6EB21BC86BA10027677B /* LaunchScreen.storyboard in Resources */,
				B9CC6EB31BC86BA10027677B /* Main.storyboard in Resources */,
				B9CC6EAF1BC86BA10027677B /* Assets.xcassets in Resources */,
			);
			runOnlyForDeploymentPostprocessing = 0;
		};
		B9CC6E851BC86A610027677B /* Resources */ = {
			isa = PBXResourcesBuildPhase;
			buildActionMask = 2147483647;
			files = (
			);
			runOnlyForDeploymentPostprocessing = 0;
		};
		B9CC6E901BC86A610027677B /* Resources */ = {
			isa = PBXResourcesBuildPhase;
			buildActionMask = 2147483647;
			files = (
			);
			runOnlyForDeploymentPostprocessing = 0;
		};
/* End PBXResourcesBuildPhase section */

/* Begin PBXSourcesBuildPhase section */
		B9CC6E6F1BC86A610027677B /* Sources */ = {
			isa = PBXSourcesBuildPhase;
			buildActionMask = 2147483647;
			files = (
				B9CC6EB11BC86BA10027677B /* AppDelegate.swift in Sources */,
				B9CC6EC31BC86DF10027677B /* ListController.swift in Sources */,
				B9DF78201BC9B6BD002DF08B /* ImageFlickController.swift in Sources */,
			);
			runOnlyForDeploymentPostprocessing = 0;
		};
		B9CC6E831BC86A610027677B /* Sources */ = {
			isa = PBXSourcesBuildPhase;
			buildActionMask = 2147483647;
			files = (
				B9CC6EBA1BC86BC40027677B /* DynamicsTests.swift in Sources */,
			);
			runOnlyForDeploymentPostprocessing = 0;
		};
		B9CC6E8E1BC86A610027677B /* Sources */ = {
			isa = PBXSourcesBuildPhase;
			buildActionMask = 2147483647;
			files = (
				B9CC6EC11BC86BCD0027677B /* DynamicsUITests.swift in Sources */,
			);
			runOnlyForDeploymentPostprocessing = 0;
		};
/* End PBXSourcesBuildPhase section */

/* Begin PBXTargetDependency section */
		B9CC6E891BC86A610027677B /* PBXTargetDependency */ = {
			isa = PBXTargetDependency;
			target = B9CC6E721BC86A610027677B /* Dynamics */;
			targetProxy = B9CC6E881BC86A610027677B /* PBXContainerItemProxy */;
		};
		B9CC6E941BC86A610027677B /* PBXTargetDependency */ = {
			isa = PBXTargetDependency;
			target = B9CC6E721BC86A610027677B /* Dynamics */;
			targetProxy = B9CC6E931BC86A610027677B /* PBXContainerItemProxy */;
		};
/* End PBXTargetDependency section */

/* Begin PBXVariantGroup section */
		B9CC6EAB1BC86BA10027677B /* LaunchScreen.storyboard */ = {
			isa = PBXVariantGroup;
			children = (
				B9CC6EAC1BC86BA10027677B /* Base */,
			);
			name = LaunchScreen.storyboard;
			sourceTree = "<group>";
		};
		B9CC6EAD1BC86BA10027677B /* Main.storyboard */ = {
			isa = PBXVariantGroup;
			children = (
				B9CC6EAE1BC86BA10027677B /* Base */,
			);
			name = Main.storyboard;
			sourceTree = "<group>";
		};
/* End PBXVariantGroup section */

/* Begin XCBuildConfiguration section */
		B9CC6E991BC86A610027677B /* Debug */ = {
			isa = XCBuildConfiguration;
			buildSettings = {
				ALWAYS_SEARCH_USER_PATHS = NO;
				CLANG_CXX_LANGUAGE_STANDARD = "gnu++0x";
				CLANG_CXX_LIBRARY = "libc++";
				CLANG_ENABLE_MODULES = YES;
				CLANG_ENABLE_OBJC_ARC = YES;
				CLANG_WARN_BOOL_CONVERSION = YES;
				CLANG_WARN_CONSTANT_CONVERSION = YES;
				CLANG_WARN_DIRECT_OBJC_ISA_USAGE = YES_ERROR;
				CLANG_WARN_EMPTY_BODY = YES;
				CLANG_WARN_ENUM_CONVERSION = YES;
				CLANG_WARN_INT_CONVERSION = YES;
				CLANG_WARN_OBJC_ROOT_CLASS = YES_ERROR;
				CLANG_WARN_UNREACHABLE_CODE = YES;
				CLANG_WARN__DUPLICATE_METHOD_MATCH = YES;
				"CODE_SIGN_IDENTITY[sdk=iphoneos*]" = "iPhone Developer";
				COPY_PHASE_STRIP = NO;
				DEBUG_INFORMATION_FORMAT = dwarf;
				ENABLE_STRICT_OBJC_MSGSEND = YES;
				ENABLE_TESTABILITY = YES;
				GCC_C_LANGUAGE_STANDARD = gnu99;
				GCC_DYNAMIC_NO_PIC = NO;
				GCC_NO_COMMON_BLOCKS = YES;
				GCC_OPTIMIZATION_LEVEL = 0;
				GCC_PREPROCESSOR_DEFINITIONS = (
					"DEBUG=1",
					"$(inherited)",
				);
				GCC_WARN_64_TO_32_BIT_CONVERSION = YES;
				GCC_WARN_ABOUT_RETURN_TYPE = YES_ERROR;
				GCC_WARN_UNDECLARED_SELECTOR = YES;
				GCC_WARN_UNINITIALIZED_AUTOS = YES_AGGRESSIVE;
				GCC_WARN_UNUSED_FUNCTION = YES;
				GCC_WARN_UNUSED_VARIABLE = YES;
				IPHONEOS_DEPLOYMENT_TARGET = 9.1;
				MTL_ENABLE_DEBUG_INFO = YES;
				ONLY_ACTIVE_ARCH = YES;
				SDKROOT = iphoneos;
				SWIFT_OPTIMIZATION_LEVEL = "-Onone";
				TARGETED_DEVICE_FAMILY = "1,2";
			};
			name = Debug;
		};
		B9CC6E9A1BC86A610027677B /* Release */ = {
			isa = XCBuildConfiguration;
			buildSettings = {
				ALWAYS_SEARCH_USER_PATHS = NO;
				CLANG_CXX_LANGUAGE_STANDARD = "gnu++0x";
				CLANG_CXX_LIBRARY = "libc++";
				CLANG_ENABLE_MODULES = YES;
				CLANG_ENABLE_OBJC_ARC = YES;
				CLANG_WARN_BOOL_CONVERSION = YES;
				CLANG_WARN_CONSTANT_CONVERSION = YES;
				CLANG_WARN_DIRECT_OBJC_ISA_USAGE = YES_ERROR;
				CLANG_WARN_EMPTY_BODY = YES;
				CLANG_WARN_ENUM_CONVERSION = YES;
				CLANG_WARN_INT_CONVERSION = YES;
				CLANG_WARN_OBJC_ROOT_CLASS = YES_ERROR;
				CLANG_WARN_UNREACHABLE_CODE = YES;
				CLANG_WARN__DUPLICATE_METHOD_MATCH = YES;
				"CODE_SIGN_IDENTITY[sdk=iphoneos*]" = "iPhone Developer";
				COPY_PHASE_STRIP = NO;
				DEBUG_INFORMATION_FORMAT = "dwarf-with-dsym";
				ENABLE_NS_ASSERTIONS = NO;
				ENABLE_STRICT_OBJC_MSGSEND = YES;
				GCC_C_LANGUAGE_STANDARD = gnu99;
				GCC_NO_COMMON_BLOCKS = YES;
				GCC_WARN_64_TO_32_BIT_CONVERSION = YES;
				GCC_WARN_ABOUT_RETURN_TYPE = YES_ERROR;
				GCC_WARN_UNDECLARED_SELECTOR = YES;
				GCC_WARN_UNINITIALIZED_AUTOS = YES_AGGRESSIVE;
				GCC_WARN_UNUSED_FUNCTION = YES;
				GCC_WARN_UNUSED_VARIABLE = YES;
				IPHONEOS_DEPLOYMENT_TARGET = 9.1;
				MTL_ENABLE_DEBUG_INFO = NO;
				SDKROOT = iphoneos;
				TARGETED_DEVICE_FAMILY = "1,2";
				VALIDATE_PRODUCT = YES;
			};
			name = Release;
		};
		B9CC6E9C1BC86A610027677B /* Debug */ = {
			isa = XCBuildConfiguration;
			buildSettings = {
				ASSETCATALOG_COMPILER_APPICON_NAME = AppIcon;
				GENERATE_PKGINFO_FILE = NO;
				INFOPLIST_FILE = "$(TARGET_NAME)/Resources/Info.plist";
				LD_RUNPATH_SEARCH_PATHS = "$(inherited) @executable_path/Frameworks";
				PRODUCT_BUNDLE_IDENTIFIER = com.juliangrosshauser.Dynamics;
				PRODUCT_NAME = "$(TARGET_NAME)";
			};
			name = Debug;
		};
		B9CC6E9D1BC86A610027677B /* Release */ = {
			isa = XCBuildConfiguration;
			buildSettings = {
				ASSETCATALOG_COMPILER_APPICON_NAME = AppIcon;
				GENERATE_PKGINFO_FILE = NO;
				INFOPLIST_FILE = "$(TARGET_NAME)/Resources/Info.plist";
				LD_RUNPATH_SEARCH_PATHS = "$(inherited) @executable_path/Frameworks";
				PRODUCT_BUNDLE_IDENTIFIER = com.juliangrosshauser.Dynamics;
				PRODUCT_NAME = "$(TARGET_NAME)";
			};
			name = Release;
		};
		B9CC6E9F1BC86A610027677B /* Debug */ = {
			isa = XCBuildConfiguration;
			buildSettings = {
				BUNDLE_LOADER = "$(TEST_HOST)";
				INFOPLIST_FILE = "$(TARGET_NAME)/Resources/Info.plist";
				LD_RUNPATH_SEARCH_PATHS = "$(inherited) @executable_path/Frameworks @loader_path/Frameworks";
				PRODUCT_BUNDLE_IDENTIFIER = com.juliangrosshauser.DynamicsTests;
				PRODUCT_NAME = "$(TARGET_NAME)";
				TEST_HOST = "$(BUILT_PRODUCTS_DIR)/Dynamics.app/Dynamics";
			};
			name = Debug;
		};
		B9CC6EA01BC86A610027677B /* Release */ = {
			isa = XCBuildConfiguration;
			buildSettings = {
				BUNDLE_LOADER = "$(TEST_HOST)";
				INFOPLIST_FILE = "$(TARGET_NAME)/Resources/Info.plist";
				LD_RUNPATH_SEARCH_PATHS = "$(inherited) @executable_path/Frameworks @loader_path/Frameworks";
				PRODUCT_BUNDLE_IDENTIFIER = com.juliangrosshauser.DynamicsTests;
				PRODUCT_NAME = "$(TARGET_NAME)";
				TEST_HOST = "$(BUILT_PRODUCTS_DIR)/Dynamics.app/Dynamics";
			};
			name = Release;
		};
		B9CC6EA21BC86A610027677B /* Debug */ = {
			isa = XCBuildConfiguration;
			buildSettings = {
				INFOPLIST_FILE = "$(TARGET_NAME)/Resources/Info.plist";
				LD_RUNPATH_SEARCH_PATHS = "$(inherited) @executable_path/Frameworks @loader_path/Frameworks";
				PRODUCT_BUNDLE_IDENTIFIER = com.juliangrosshauser.DynamicsUITests;
				PRODUCT_NAME = "$(TARGET_NAME)";
				TEST_TARGET_NAME = Dynamics;
				USES_XCTRUNNER = YES;
			};
			name = Debug;
		};
		B9CC6EA31BC86A610027677B /* Release */ = {
			isa = XCBuildConfiguration;
			buildSettings = {
				INFOPLIST_FILE = "$(TARGET_NAME)/Resources/Info.plist";
				LD_RUNPATH_SEARCH_PATHS = "$(inherited) @executable_path/Frameworks @loader_path/Frameworks";
				PRODUCT_BUNDLE_IDENTIFIER = com.juliangrosshauser.DynamicsUITests;
				PRODUCT_NAME = "$(TARGET_NAME)";
				TEST_TARGET_NAME = Dynamics;
				USES_XCTRUNNER = YES;
			};
			name = Release;
		};
/* End XCBuildConfiguration section */

/* Begin XCConfigurationList section */
		B9CC6E6E1BC86A610027677B /* Build configuration list for PBXProject "Dynamics" */ = {
			isa = XCConfigurationList;
			buildConfigurations = (
				B9CC6E991BC86A610027677B /* Debug */,
				B9CC6E9A1BC86A610027677B /* Release */,
			);
			defaultConfigurationIsVisible = 0;
			defaultConfigurationName = Release;
		};
		B9CC6E9B1BC86A610027677B /* Build configuration list for PBXNativeTarget "Dynamics" */ = {
			isa = XCConfigurationList;
			buildConfigurations = (
				B9CC6E9C1BC86A610027677B /* Debug */,
				B9CC6E9D1BC86A610027677B /* Release */,
			);
			defaultConfigurationIsVisible = 0;
			defaultConfigurationName = Release;
		};
		B9CC6E9E1BC86A610027677B /* Build configuration list for PBXNativeTarget "DynamicsTests" */ = {
			isa = XCConfigurationList;
			buildConfigurations = (
				B9CC6E9F1BC86A610027677B /* Debug */,
				B9CC6EA01BC86A610027677B /* Release */,
			);
			defaultConfigurationIsVisible = 0;
			defaultConfigurationName = Release;
		};
		B9CC6EA11BC86A610027677B /* Build configuration list for PBXNativeTarget "DynamicsUITests" */ = {
			isa = XCConfigurationList;
			buildConfigurations = (
				B9CC6EA21BC86A610027677B /* Debug */,
				B9CC6EA31BC86A610027677B /* Release */,
			);
			defaultConfigurationIsVisible = 0;
			defaultConfigurationName = Release;
		};
/* End XCConfigurationList section */
	};
	rootObject = B9CC6E6B1BC86A610027677B /* Project object */;
}
